
Microsoft Visual Studio Solution File, Format Version 12.00
# Visual Studio Version 17
VisualStudioVersion = 17.0.31903.59
MinimumVisualStudioVersion = 10.0.40219.1
Project("{2150E333-8FDC-42A3-9474-1A3956D46DE8}") = "src", "src", "{827E0CD3-B72D-47B6-A68D-7590B98EB39B}"
EndProject
Project("{FAE04EC0-301F-11D3-BF4B-00C04F79EFBC}") = "AltaDescargaLCO.App", "src\AltaDescargaLCO.App\AltaDescargaLCO.App.csproj", "{06091827-2D5B-41C1-9C4F-3C8AB0960C4A}"
EndProject
Project("{FAE04EC0-301F-11D3-BF4B-00C04F79EFBC}") = "AltaDescargaLCO.Application", "src\AltaDescargaLCO.Application\AltaDescargaLCO.Application.csproj", "{6F36B3F1-6C08-4BE1-BA0A-6F31F84DEC7D}"
EndProject
Project("{FAE04EC0-301F-11D3-BF4B-00C04F79EFBC}") = "AltaDescargaLCO.AzureIntegration", "src\AltaDescargaLCO.AzureIntegration\AltaDescargaLCO.AzureIntegration.csproj", "{DD2EDF3E-3143-4093-A91E-B0AD305D725B}"
EndProject
Project("{FAE04EC0-301F-11D3-BF4B-00C04F79EFBC}") = "AltaDescargaLCO.DataAccess", "src\AltaDescargaLCO.DataAccess\AltaDescargaLCO.DataAccess.csproj", "{764FAFB3-0A52-4EA6-A246-5408D05A72BD}"
EndProject
Project("{FAE04EC0-301F-11D3-BF4B-00C04F79EFBC}") = "AltaDescargaLCO.Domain", "src\AltaDescargaLCO.Domain\AltaDescargaLCO.Domain.csproj", "{776E071B-2ED0-48D7-94E6-27B4F03D706F}"
EndProject
Project("{FAE04EC0-301F-11D3-BF4B-00C04F79EFBC}") = "AltaDescargaLCO.Infrastructure", "src\AltaDescargaLCO.Infrastructure\AltaDescargaLCO.Infrastructure.csproj", "{274A756F-8FA9-4FF0-B16B-EC84B8E0AF9A}"
EndProject
Project("{FAE04EC0-301F-11D3-BF4B-00C04F79EFBC}") = "AltaDescargaLCO.Application.Tests", "tests\AltaDescargaLCO.Application.Tests\AltaDescargaLCO.Application.Tests.csproj", "{17EFBB64-40CC-414F-8FA5-FE8F61E20E1D}"
EndProject
Project("{FAE04EC0-301F-11D3-BF4B-00C04F79EFBC}") = "AltaDescargaLCO.Domain.Tests", "tests\AltaDescargaLCO.Domain.Tests\AltaDescargaLCO.Domain.Tests.csproj", "{7937AEB5-2B78-4E49-A92C-1855A7F3F19B}"
EndProject
Project("{2150E333-8FDC-42A3-9474-1A3956D46DE8}") = "tests", "tests", "{0AB3BF05-4346-4AA6-1389-037BE0695223}"
EndProject
Project("{FAE04EC0-301F-11D3-BF4B-00C04F79EFBC}") = "AltaDescargaLCO.DataAccess.Tests", "tests\AltaDescargaLCO.DataAccess.Tests\AltaDescargaLCO.DataAccess.Tests.csproj", "{A015A8DB-556E-47CF-A659-E52C00F72BD0}"
EndProject
Global
	GlobalSection(SolutionConfigurationPlatforms) = preSolution
		Debug|Any CPU = Debug|Any CPU
		Debug|x64 = Debug|x64
		Debug|x86 = Debug|x86
		Release|Any CPU = Release|Any CPU
		Release|x64 = Release|x64
		Release|x86 = Release|x86
	EndGlobalSection
	GlobalSection(ProjectConfigurationPlatforms) = postSolution
		{06091827-2D5B-41C1-9C4F-3C8AB0960C4A}.Debug|Any CPU.ActiveCfg = Debug|Any CPU
		{06091827-2D5B-41C1-9C4F-3C8AB0960C4A}.Debug|Any CPU.Build.0 = Debug|Any CPU
		{06091827-2D5B-41C1-9C4F-3C8AB0960C4A}.Debug|x64.ActiveCfg = Debug|Any CPU
		{06091827-2D5B-41C1-9C4F-3C8AB0960C4A}.Debug|x64.Build.0 = Debug|Any CPU
		{06091827-2D5B-41C1-9C4F-3C8AB0960C4A}.Debug|x86.ActiveCfg = Debug|Any CPU
		{06091827-2D5B-41C1-9C4F-3C8AB0960C4A}.Debug|x86.Build.0 = Debug|Any CPU
		{06091827-2D5B-41C1-9C4F-3C8AB0960C4A}.Release|Any CPU.ActiveCfg = Release|Any CPU
		{06091827-2D5B-41C1-9C4F-3C8AB0960C4A}.Release|Any CPU.Build.0 = Release|Any CPU
		{06091827-2D5B-41C1-9C4F-3C8AB0960C4A}.Release|x64.ActiveCfg = Release|Any CPU
		{06091827-2D5B-41C1-9C4F-3C8AB0960C4A}.Release|x64.Build.0 = Release|Any CPU
		{06091827-2D5B-41C1-9C4F-3C8AB0960C4A}.Release|x86.ActiveCfg = Release|Any CPU
		{06091827-2D5B-41C1-9C4F-3C8AB0960C4A}.Release|x86.Build.0 = Release|Any CPU
		{6F36B3F1-6C08-4BE1-BA0A-6F31F84DEC7D}.Debug|Any CPU.ActiveCfg = Debug|Any CPU
		{6F36B3F1-6C08-4BE1-BA0A-6F31F84DEC7D}.Debug|Any CPU.Build.0 = Debug|Any CPU
		{6F36B3F1-6C08-4BE1-BA0A-6F31F84DEC7D}.Debug|x64.ActiveCfg = Debug|Any CPU
		{6F36B3F1-6C08-4BE1-BA0A-6F31F84DEC7D}.Debug|x64.Build.0 = Debug|Any CPU
		{6F36B3F1-6C08-4BE1-BA0A-6F31F84DEC7D}.Debug|x86.ActiveCfg = Debug|Any CPU
		{6F36B3F1-6C08-4BE1-BA0A-6F31F84DEC7D}.Debug|x86.Build.0 = Debug|Any CPU
		{6F36B3F1-6C08-4BE1-BA0A-6F31F84DEC7D}.Release|Any CPU.ActiveCfg = Release|Any CPU
		{6F36B3F1-6C08-4BE1-BA0A-6F31F84DEC7D}.Release|Any CPU.Build.0 = Release|Any CPU
		{6F36B3F1-6C08-4BE1-BA0A-6F31F84DEC7D}.Release|x64.ActiveCfg = Release|Any CPU
		{6F36B3F1-6C08-4BE1-BA0A-6F31F84DEC7D}.Release|x64.Build.0 = Release|Any CPU
		{6F36B3F1-6C08-4BE1-BA0A-6F31F84DEC7D}.Release|x86.ActiveCfg = Release|Any CPU
		{6F36B3F1-6C08-4BE1-BA0A-6F31F84DEC7D}.Release|x86.Build.0 = Release|Any CPU
		{DD2EDF3E-3143-4093-A91E-B0AD305D725B}.Debug|Any CPU.ActiveCfg = Debug|Any CPU
		{DD2EDF3E-3143-4093-A91E-B0AD305D725B}.Debug|Any CPU.Build.0 = Debug|Any CPU
		{DD2EDF3E-3143-4093-A91E-B0AD305D725B}.Debug|x64.ActiveCfg = Debug|Any CPU
		{DD2EDF3E-3143-4093-A91E-B0AD305D725B}.Debug|x64.Build.0 = Debug|Any CPU
		{DD2EDF3E-3143-4093-A91E-B0AD305D725B}.Debug|x86.ActiveCfg = Debug|Any CPU
		{DD2EDF3E-3143-4093-A91E-B0AD305D725B}.Debug|x86.Build.0 = Debug|Any CPU
		{DD2EDF3E-3143-4093-A91E-B0AD305D725B}.Release|Any CPU.ActiveCfg = Release|Any CPU
		{DD2EDF3E-3143-4093-A91E-B0AD305D725B}.Release|Any CPU.Build.0 = Release|Any CPU
		{DD2EDF3E-3143-4093-A91E-B0AD305D725B}.Release|x64.ActiveCfg = Release|Any CPU
		{DD2EDF3E-3143-4093-A91E-B0AD305D725B}.Release|x64.Build.0 = Release|Any CPU
		{DD2EDF3E-3143-4093-A91E-B0AD305D725B}.Release|x86.ActiveCfg = Release|Any CPU
		{DD2EDF3E-3143-4093-A91E-B0AD305D725B}.Release|x86.Build.0 = Release|Any CPU
		{764FAFB3-0A52-4EA6-A246-5408D05A72BD}.Debug|Any CPU.ActiveCfg = Debug|Any CPU
		{764FAFB3-0A52-4EA6-A246-5408D05A72BD}.Debug|Any CPU.Build.0 = Debug|Any CPU
		{764FAFB3-0A52-4EA6-A246-5408D05A72BD}.Debug|x64.ActiveCfg = Debug|Any CPU
		{764FAFB3-0A52-4EA6-A246-5408D05A72BD}.Debug|x64.Build.0 = Debug|Any CPU
		{764FAFB3-0A52-4EA6-A246-5408D05A72BD}.Debug|x86.ActiveCfg = Debug|Any CPU
		{764FAFB3-0A52-4EA6-A246-5408D05A72BD}.Debug|x86.Build.0 = Debug|Any CPU
		{764FAFB3-0A52-4EA6-A246-5408D05A72BD}.Release|Any CPU.ActiveCfg = Release|Any CPU
		{764FAFB3-0A52-4EA6-A246-5408D05A72BD}.Release|Any CPU.Build.0 = Release|Any CPU
		{764FAFB3-0A52-4EA6-A246-5408D05A72BD}.Release|x64.ActiveCfg = Release|Any CPU
		{764FAFB3-0A52-4EA6-A246-5408D05A72BD}.Release|x64.Build.0 = Release|Any CPU
		{764FAFB3-0A52-4EA6-A246-5408D05A72BD}.Release|x86.ActiveCfg = Release|Any CPU
		{764FAFB3-0A52-4EA6-A246-5408D05A72BD}.Release|x86.Build.0 = Release|Any CPU
		{776E071B-2ED0-48D7-94E6-27B4F03D706F}.Debug|Any CPU.ActiveCfg = Debug|Any CPU
		{776E071B-2ED0-48D7-94E6-27B4F03D706F}.Debug|Any CPU.Build.0 = Debug|Any CPU
		{776E071B-2ED0-48D7-94E6-27B4F03D706F}.Debug|x64.ActiveCfg = Debug|Any CPU
		{776E071B-2ED0-48D7-94E6-27B4F03D706F}.Debug|x64.Build.0 = Debug|Any CPU
		{776E071B-2ED0-48D7-94E6-27B4F03D706F}.Debug|x86.ActiveCfg = Debug|Any CPU
		{776E071B-2ED0-48D7-94E6-27B4F03D706F}.Debug|x86.Build.0 = Debug|Any CPU
		{776E071B-2ED0-48D7-94E6-27B4F03D706F}.Release|Any CPU.ActiveCfg = Release|Any CPU
		{776E071B-2ED0-48D7-94E6-27B4F03D706F}.Release|Any CPU.Build.0 = Release|Any CPU
		{776E071B-2ED0-48D7-94E6-27B4F03D706F}.Release|x64.ActiveCfg = Release|Any CPU
		{776E071B-2ED0-48D7-94E6-27B4F03D706F}.Release|x64.Build.0 = Release|Any CPU
		{776E071B-2ED0-48D7-94E6-27B4F03D706F}.Release|x86.ActiveCfg = Release|Any CPU
		{776E071B-2ED0-48D7-94E6-27B4F03D706F}.Release|x86.Build.0 = Release|Any CPU
		{274A756F-8FA9-4FF0-B16B-EC84B8E0AF9A}.Debug|Any CPU.ActiveCfg = Debug|Any CPU
		{274A756F-8FA9-4FF0-B16B-EC84B8E0AF9A}.Debug|Any CPU.Build.0 = Debug|Any CPU
		{274A756F-8FA9-4FF0-B16B-EC84B8E0AF9A}.Debug|x64.ActiveCfg = Debug|Any CPU
		{274A756F-8FA9-4FF0-B16B-EC84B8E0AF9A}.Debug|x64.Build.0 = Debug|Any CPU
		{274A756F-8FA9-4FF0-B16B-EC84B8E0AF9A}.Debug|x86.ActiveCfg = Debug|Any CPU
		{274A756F-8FA9-4FF0-B16B-EC84B8E0AF9A}.Debug|x86.Build.0 = Debug|Any CPU
		{274A756F-8FA9-4FF0-B16B-EC84B8E0AF9A}.Release|Any CPU.ActiveCfg = Release|Any CPU
		{274A756F-8FA9-4FF0-B16B-EC84B8E0AF9A}.Release|Any CPU.Build.0 = Release|Any CPU
		{274A756F-8FA9-4FF0-B16B-EC84B8E0AF9A}.Release|x64.ActiveCfg = Release|Any CPU
		{274A756F-8FA9-4FF0-B16B-EC84B8E0AF9A}.Release|x64.Build.0 = Release|Any CPU
		{274A756F-8FA9-4FF0-B16B-EC84B8E0AF9A}.Release|x86.ActiveCfg = Release|Any CPU
		{274A756F-8FA9-4FF0-B16B-EC84B8E0AF9A}.Release|x86.Build.0 = Release|Any CPU
		{17EFBB64-40CC-414F-8FA5-FE8F61E20E1D}.Debug|Any CPU.ActiveCfg = Debug|Any CPU
		{17EFBB64-40CC-414F-8FA5-FE8F61E20E1D}.Debug|Any CPU.Build.0 = Debug|Any CPU
		{17EFBB64-40CC-414F-8FA5-FE8F61E20E1D}.Debug|x64.ActiveCfg = Debug|Any CPU
		{17EFBB64-40CC-414F-8FA5-FE8F61E20E1D}.Debug|x64.Build.0 = Debug|Any CPU
		{17EFBB64-40CC-414F-8FA5-FE8F61E20E1D}.Debug|x86.ActiveCfg = Debug|Any CPU
		{17EFBB64-40CC-414F-8FA5-FE8F61E20E1D}.Debug|x86.Build.0 = Debug|Any CPU
		{17EFBB64-40CC-414F-8FA5-FE8F61E20E1D}.Release|Any CPU.ActiveCfg = Release|Any CPU
		{17EFBB64-40CC-414F-8FA5-FE8F61E20E1D}.Release|Any CPU.Build.0 = Release|Any CPU
		{17EFBB64-40CC-414F-8FA5-FE8F61E20E1D}.Release|x64.ActiveCfg = Release|Any CPU
		{17EFBB64-40CC-414F-8FA5-FE8F61E20E1D}.Release|x64.Build.0 = Release|Any CPU
		{17EFBB64-40CC-414F-8FA5-FE8F61E20E1D}.Release|x86.ActiveCfg = Release|Any CPU
		{17EFBB64-40CC-414F-8FA5-FE8F61E20E1D}.Release|x86.Build.0 = Release|Any CPU
		{7937AEB5-2B78-4E49-A92C-1855A7F3F19B}.Debug|Any CPU.ActiveCfg = Debug|Any CPU
		{7937AEB5-2B78-4E49-A92C-1855A7F3F19B}.Debug|Any CPU.Build.0 = Debug|Any CPU
		{7937AEB5-2B78-4E49-A92C-1855A7F3F19B}.Debug|x64.ActiveCfg = Debug|Any CPU
		{7937AEB5-2B78-4E49-A92C-1855A7F3F19B}.Debug|x64.Build.0 = Debug|Any CPU
		{7937AEB5-2B78-4E49-A92C-1855A7F3F19B}.Debug|x86.ActiveCfg = Debug|Any CPU
		{7937AEB5-2B78-4E49-A92C-1855A7F3F19B}.Debug|x86.Build.0 = Debug|Any CPU
		{7937AEB5-2B78-4E49-A92C-1855A7F3F19B}.Release|Any CPU.ActiveCfg = Release|Any CPU
		{7937AEB5-2B78-4E49-A92C-1855A7F3F19B}.Release|Any CPU.Build.0 = Release|Any CPU
		{7937AEB5-2B78-4E49-A92C-1855A7F3F19B}.Release|x64.ActiveCfg = Release|Any CPU
		{7937AEB5-2B78-4E49-A92C-1855A7F3F19B}.Release|x64.Build.0 = Release|Any CPU
		{7937AEB5-2B78-4E49-A92C-1855A7F3F19B}.Release|x86.ActiveCfg = Release|Any CPU
		{7937AEB5-2B78-4E49-A92C-1855A7F3F19B}.Release|x86.Build.0 = Release|Any CPU
		{A015A8DB-556E-47CF-A659-E52C00F72BD0}.Debug|Any CPU.ActiveCfg = Debug|Any CPU
		{A015A8DB-556E-47CF-A659-E52C00F72BD0}.Debug|Any CPU.Build.0 = Debug|Any CPU
		{A015A8DB-556E-47CF-A659-E52C00F72BD0}.Debug|x64.ActiveCfg = Debug|Any CPU
		{A015A8DB-556E-47CF-A659-E52C00F72BD0}.Debug|x64.Build.0 = Debug|Any CPU
		{A015A8DB-556E-47CF-A659-E52C00F72BD0}.Debug|x86.ActiveCfg = Debug|Any CPU
		{A015A8DB-556E-47CF-A659-E52C00F72BD0}.Debug|x86.Build.0 = Debug|Any CPU
		{A015A8DB-556E-47CF-A659-E52C00F72BD0}.Release|Any CPU.ActiveCfg = Release|Any CPU
		{A015A8DB-556E-47CF-A659-E52C00F72BD0}.Release|Any CPU.Build.0 = Release|Any CPU
		{A015A8DB-556E-47CF-A659-E52C00F72BD0}.Release|x64.ActiveCfg = Release|Any CPU
		{A015A8DB-556E-47CF-A659-E52C00F72BD0}.Release|x64.Build.0 = Release|Any CPU
		{A015A8DB-556E-47CF-A659-E52C00F72BD0}.Release|x86.ActiveCfg = Release|Any CPU
		{A015A8DB-556E-47CF-A659-E52C00F72BD0}.Release|x86.Build.0 = Release|Any CPU
	EndGlobalSection
	GlobalSection(SolutionProperties) = preSolution
		HideSolutionNode = FALSE
	EndGlobalSection
	GlobalSection(NestedProjects) = preSolution
		{06091827-2D5B-41C1-9C4F-3C8AB0960C4A} = {827E0CD3-B72D-47B6-A68D-7590B98EB39B}
		{6F36B3F1-6C08-4BE1-BA0A-6F31F84DEC7D} = {827E0CD3-B72D-47B6-A68D-7590B98EB39B}
		{DD2EDF3E-3143-4093-A91E-B0AD305D725B} = {827E0CD3-B72D-47B6-A68D-7590B98EB39B}
		{764FAFB3-0A52-4EA6-A246-5408D05A72BD} = {827E0CD3-B72D-47B6-A68D-7590B98EB39B}
		{776E071B-2ED0-48D7-94E6-27B4F03D706F} = {827E0CD3-B72D-47B6-A68D-7590B98EB39B}
		{274A756F-8FA9-4FF0-B16B-EC84B8E0AF9A} = {827E0CD3-B72D-47B6-A68D-7590B98EB39B}
		{17EFBB64-40CC-414F-8FA5-FE8F61E20E1D} = {827E0CD3-B72D-47B6-A68D-7590B98EB39B}
		{7937AEB5-2B78-4E49-A92C-1855A7F3F19B} = {827E0CD3-B72D-47B6-A68D-7590B98EB39B}
		{A015A8DB-556E-47CF-A659-E52C00F72BD0} = {0AB3BF05-4346-4AA6-1389-037BE0695223}
	EndGlobalSection
EndGlobal
